lockfileVersion: 5.3

specifiers:
  '@prisma/client': ^3.10.0
  prisma: 3.11.1

dependencies:
  '@prisma/client': 3.11.0_prisma@3.11.1

devDependencies:
  prisma: 3.11.1

packages:

  /@prisma/client/3.11.0_prisma@3.11.1:
    resolution: {integrity: sha512-d42o/tlalaWMmNOR4r5BiR6YYTYEV82eZ2lNKOm5ht3WyYwI9e+zy2MyZnNO4Fx5e08RAhW+GRVcEgKl5faUaQ==}
    engines: {node: '>=12.6'}
    requiresBuild: true
    peerDependencies:
      prisma: '*'
    peerDependenciesMeta:
      prisma:
        optional: true
    dependencies:
      '@prisma/engines-version': 3.11.0-48.b371888aaf8f51357c7457d836b86d12da91658b
      prisma: 3.11.1
    dev: false

  /@prisma/engines-version/3.11.0-48.b371888aaf8f51357c7457d836b86d12da91658b:
    resolution: {integrity: sha512-bhMW1XybXZyqCf+9QqjP7Oi7xgVHcISVyOZNMm51qeZsy12M1RtHaCcXUFeMMV0JOCZZuPFVr3+0KVpQqK35CQ==}
    dev: false

  /@prisma/engines/3.11.1-1.1a2506facaf1a4727b7c26850735e88ec779dee9:
    resolution: {integrity: sha512-MILbsGnvmnhCbFGa2/iSnsyGyazU3afzD7ldjCIeLIGKkNBMSZgA2IvpYsAXl+6qFHKGrS3B2otKfV31dwMSQw==}
    requiresBuild: true
    dev: true

  /prisma/3.11.1:
    resolution: {integrity: sha512-aYn8bQwt1xwR2oSsVNHT4PXU7EhsThIwmpNB/MNUaaMx5OPLTro6VdNJe/sJssXFLxhamfWeMjwmpXjljo6xkg==}
    engines: {node: '>=12.6'}
    hasBin: true
    requiresBuild: true
    dependencies:
      '@prisma/engines': 3.11.1-1.1a2506facaf1a4727b7c26850735e88ec779dee9
    dev: true
