lockfileVersion: 5.4

specifiers:
  '@prisma/client': ^4.0.0
  prisma: 3.14.0

dependencies:
  '@prisma/client': 4.0.0_prisma@3.14.0

devDependencies:
  prisma: 3.14.0

packages:

  /@prisma/client/4.0.0_prisma@3.14.0:
    resolution: {integrity: sha512-g1h2OGoRo7anBVQ9Cw3gsbjwPtvf7i0pkGxKeZICtwkvE5CZXW+xZF4FZdmrViYkKaAShbISL0teNpu9ecpf4g==}
    engines: {node: '>=14.17'}
    requiresBuild: true
    peerDependencies:
      prisma: '*'
    peerDependenciesMeta:
      prisma:
        optional: true
    dependencies:
      '@prisma/engines-version': 3.16.0-49.da41d2bb3406da22087b849f0e911199ba4fbf11
      prisma: 3.14.0
    dev: false

  /@prisma/engines-version/3.16.0-49.da41d2bb3406da22087b849f0e911199ba4fbf11:
    resolution: {integrity: sha512-PiZhdD624SrYEjyLboI0X7OugNbxUzDJx9v/6ldTKuqNDVUCmRH/Z00XwDi/dgM4FlqOSO+YiUsSiSKjxxG8cw==}
    dev: false

  /@prisma/engines/3.14.0-36.2b0c12756921c891fec4f68d9444e18c7d5d4a6a:
    resolution: {integrity: sha512-LwZvI3FY6f43xFjQNRuE10JM5R8vJzFTSmbV9X0Wuhv9kscLkjRlZt0BEoiHmO+2HA3B3xxbMfB5du7ZoSFXGg==}
    requiresBuild: true
    dev: true

  /prisma/3.14.0:
    resolution: {integrity: sha512-l9MOgNCn/paDE+i1K2fp9NZ+Du4trzPTJsGkaQHVBufTGqzoYHuNk8JfzXuIn0Gte6/ZjyKj652Jq/Lc1tp2yw==}
    engines: {node: '>=12.6'}
    hasBin: true
    requiresBuild: true
    dependencies:
      '@prisma/engines': 3.14.0-36.2b0c12756921c891fec4f68d9444e18c7d5d4a6a
    dev: true
