lockfileVersion: 5.4

specifiers:
  '@prisma/client': ^4.0.0
  prisma: 4.16.2

dependencies:
  '@prisma/client': 4.0.0_prisma@4.16.2

devDependencies:
  prisma: 4.16.2

packages:

  /@prisma/client/4.0.0_prisma@4.16.2:
    resolution: {integrity: sha512-g1h2OGoRo7anBVQ9Cw3gsbjwPtvf7i0pkGxKeZICtwkvE5CZXW+xZF4FZdmrViYkKaAShbISL0teNpu9ecpf4g==}
    engines: {node: '>=14.17'}
    requiresBuild: true
    peerDependencies:
      prisma: '*'
    peerDependenciesMeta:
      prisma:
        optional: true
    dependencies:
      '@prisma/engines-version': 3.16.0-49.da41d2bb3406da22087b849f0e911199ba4fbf11
      prisma: 4.16.2
    dev: false

  /@prisma/engines-version/3.16.0-49.da41d2bb3406da22087b849f0e911199ba4fbf11:
    resolution: {integrity: sha512-PiZhdD624SrYEjyLboI0X7OugNbxUzDJx9v/6ldTKuqNDVUCmRH/Z00XwDi/dgM4FlqOSO+YiUsSiSKjxxG8cw==}
    dev: false

  /@prisma/engines/4.16.2:
    resolution: {integrity: sha512-vx1nxVvN4QeT/cepQce68deh/Turxy5Mr+4L4zClFuK1GlxN3+ivxfuv+ej/gvidWn1cE1uAhW7ALLNlYbRUAw==}
    requiresBuild: true
    dev: true

  /prisma/4.16.2:
    resolution: {integrity: sha512-SYCsBvDf0/7XSJyf2cHTLjLeTLVXYfqp7pG5eEVafFLeT0u/hLFz/9W196nDRGUOo1JfPatAEb+uEnTQImQC1g==}
    engines: {node: '>=14.17'}
    hasBin: true
    requiresBuild: true
    dependencies:
      '@prisma/engines': 4.16.2
    dev: true
