lockfileVersion: '6.0'

settings:
  autoInstallPeers: true
  excludeLinksFromLockfile: false

dependencies:
  garph:
    specifier: ^0.6.0
    version: 0.6.8(graphql@16.6.0)
  graphql-yoga:
    specifier: ^3.9.1
    version: 3.9.1(graphql@16.6.0)

devDependencies:
  '@types/node':
    specifier: 20.16.11
    version: 20.16.11
  tsx:
    specifier: 3.14.0
    version: 3.14.0
  typescript:
    specifier: 5.6.3
    version: 5.6.3

packages:

  /@envelop/core@3.0.6:
    resolution: {integrity: sha512-06t1xCPXq6QFN7W1JUEf68aCwYN0OUDNAIoJe7bAqhaoa2vn7NCcuX1VHkJ/OWpmElUgCsRO6RiBbIru1in0Ig==}
    dependencies:
      '@envelop/types': 3.0.2
      tslib: 2.5.2
    dev: false

  /@envelop/types@3.0.2:
    resolution: {integrity: sha512-pOFea9ha0EkURWxJ/35axoH9fDGP5S2cUu/5Mmo9pb8zUf+TaEot8vB670XXihFEn/92759BMjLJNWBKmNhyng==}
    dependencies:
      tslib: 2.5.2
    dev: false

  /@envelop/validation-cache@5.1.3(@envelop/core@3.0.6)(graphql@16.6.0):
    resolution: {integrity: sha512-MkzcScQHJJQ/9YCAPdWShEi3xZv4F4neTs+NszzSrZOdlU8z/THuRt7gZ0sO0y2be+sx+SKjHQP8Gq3VXXcTTg==}
    peerDependencies:
      '@envelop/core': ^3.0.6
      graphql: ^14.0.0 || ^15.0.0 || ^16.0.0
    dependencies:
      '@envelop/core': 3.0.6
      graphql: 16.6.0
      hash-it: 6.0.0
      lru-cache: 6.0.0
      tslib: 2.5.2
    dev: false

  /@esbuild/android-arm64@0.18.20:
    resolution: {integrity: sha512-Nz4rJcchGDtENV0eMKUNa6L12zz2zBDXuhj/Vjh18zGqB44Bi7MBMSXjgunJgjRhCmKOjnPuZp4Mb6OKqtMHLQ==}
    engines: {node: '>=12'}
    cpu: [arm64]
    os: [android]
    requiresBuild: true
    dev: true
    optional: true

  /@esbuild/android-arm@0.18.20:
    resolution: {integrity: sha512-fyi7TDI/ijKKNZTUJAQqiG5T7YjJXgnzkURqmGj13C6dCqckZBLdl4h7bkhHt/t0WP+zO9/zwroDvANaOqO5Sw==}
    engines: {node: '>=12'}
    cpu: [arm]
    os: [android]
    requiresBuild: true
    dev: true
    optional: true

  /@esbuild/android-x64@0.18.20:
    resolution: {integrity: sha512-8GDdlePJA8D6zlZYJV/jnrRAi6rOiNaCC/JclcXpB+KIuvfBN4owLtgzY2bsxnx666XjJx2kDPUmnTtR8qKQUg==}
    engines: {node: '>=12'}
    cpu: [x64]
    os: [android]
    requiresBuild: true
    dev: true
    optional: true

  /@esbuild/darwin-arm64@0.18.20:
    resolution: {integrity: sha512-bxRHW5kHU38zS2lPTPOyuyTm+S+eobPUnTNkdJEfAddYgEcll4xkT8DB9d2008DtTbl7uJag2HuE5NZAZgnNEA==}
    engines: {node: '>=12'}
    cpu: [arm64]
    os: [darwin]
    requiresBuild: true
    dev: true
    optional: true

  /@esbuild/darwin-x64@0.18.20:
    resolution: {integrity: sha512-pc5gxlMDxzm513qPGbCbDukOdsGtKhfxD1zJKXjCCcU7ju50O7MeAZ8c4krSJcOIJGFR+qx21yMMVYwiQvyTyQ==}
    engines: {node: '>=12'}
    cpu: [x64]
    os: [darwin]
    requiresBuild: true
    dev: true
    optional: true

  /@esbuild/freebsd-arm64@0.18.20:
    resolution: {integrity: sha512-yqDQHy4QHevpMAaxhhIwYPMv1NECwOvIpGCZkECn8w2WFHXjEwrBn3CeNIYsibZ/iZEUemj++M26W3cNR5h+Tw==}
    engines: {node: '>=12'}
    cpu: [arm64]
    os: [freebsd]
    requiresBuild: true
    dev: true
    optional: true

  /@esbuild/freebsd-x64@0.18.20:
    resolution: {integrity: sha512-tgWRPPuQsd3RmBZwarGVHZQvtzfEBOreNuxEMKFcd5DaDn2PbBxfwLcj4+aenoh7ctXcbXmOQIn8HI6mCSw5MQ==}
    engines: {node: '>=12'}
    cpu: [x64]
    os: [freebsd]
    requiresBuild: true
    dev: true
    optional: true

  /@esbuild/linux-arm64@0.18.20:
    resolution: {integrity: sha512-2YbscF+UL7SQAVIpnWvYwM+3LskyDmPhe31pE7/aoTMFKKzIc9lLbyGUpmmb8a8AixOL61sQ/mFh3jEjHYFvdA==}
    engines: {node: '>=12'}
    cpu: [arm64]
    os: [linux]
    requiresBuild: true
    dev: true
    optional: true

  /@esbuild/linux-arm@0.18.20:
    resolution: {integrity: sha512-/5bHkMWnq1EgKr1V+Ybz3s1hWXok7mDFUMQ4cG10AfW3wL02PSZi5kFpYKrptDsgb2WAJIvRcDm+qIvXf/apvg==}
    engines: {node: '>=12'}
    cpu: [arm]
    os: [linux]
    requiresBuild: true
    dev: true
    optional: true

  /@esbuild/linux-ia32@0.18.20:
    resolution: {integrity: sha512-P4etWwq6IsReT0E1KHU40bOnzMHoH73aXp96Fs8TIT6z9Hu8G6+0SHSw9i2isWrD2nbx2qo5yUqACgdfVGx7TA==}
    engines: {node: '>=12'}
    cpu: [ia32]
    os: [linux]
    requiresBuild: true
    dev: true
    optional: true

  /@esbuild/linux-loong64@0.18.20:
    resolution: {integrity: sha512-nXW8nqBTrOpDLPgPY9uV+/1DjxoQ7DoB2N8eocyq8I9XuqJ7BiAMDMf9n1xZM9TgW0J8zrquIb/A7s3BJv7rjg==}
    engines: {node: '>=12'}
    cpu: [loong64]
    os: [linux]
    requiresBuild: true
    dev: true
    optional: true

  /@esbuild/linux-mips64el@0.18.20:
    resolution: {integrity: sha512-d5NeaXZcHp8PzYy5VnXV3VSd2D328Zb+9dEq5HE6bw6+N86JVPExrA6O68OPwobntbNJ0pzCpUFZTo3w0GyetQ==}
    engines: {node: '>=12'}
    cpu: [mips64el]
    os: [linux]
    requiresBuild: true
    dev: true
    optional: true

  /@esbuild/linux-ppc64@0.18.20:
    resolution: {integrity: sha512-WHPyeScRNcmANnLQkq6AfyXRFr5D6N2sKgkFo2FqguP44Nw2eyDlbTdZwd9GYk98DZG9QItIiTlFLHJHjxP3FA==}
    engines: {node: '>=12'}
    cpu: [ppc64]
    os: [linux]
    requiresBuild: true
    dev: true
    optional: true

  /@esbuild/linux-riscv64@0.18.20:
    resolution: {integrity: sha512-WSxo6h5ecI5XH34KC7w5veNnKkju3zBRLEQNY7mv5mtBmrP/MjNBCAlsM2u5hDBlS3NGcTQpoBvRzqBcRtpq1A==}
    engines: {node: '>=12'}
    cpu: [riscv64]
    os: [linux]
    requiresBuild: true
    dev: true
    optional: true

  /@esbuild/linux-s390x@0.18.20:
    resolution: {integrity: sha512-+8231GMs3mAEth6Ja1iK0a1sQ3ohfcpzpRLH8uuc5/KVDFneH6jtAJLFGafpzpMRO6DzJ6AvXKze9LfFMrIHVQ==}
    engines: {node: '>=12'}
    cpu: [s390x]
    os: [linux]
    requiresBuild: true
    dev: true
    optional: true

  /@esbuild/linux-x64@0.18.20:
    resolution: {integrity: sha512-UYqiqemphJcNsFEskc73jQ7B9jgwjWrSayxawS6UVFZGWrAAtkzjxSqnoclCXxWtfwLdzU+vTpcNYhpn43uP1w==}
    engines: {node: '>=12'}
    cpu: [x64]
    os: [linux]
    requiresBuild: true
    dev: true
    optional: true

  /@esbuild/netbsd-x64@0.18.20:
    resolution: {integrity: sha512-iO1c++VP6xUBUmltHZoMtCUdPlnPGdBom6IrO4gyKPFFVBKioIImVooR5I83nTew5UOYrk3gIJhbZh8X44y06A==}
    engines: {node: '>=12'}
    cpu: [x64]
    os: [netbsd]
    requiresBuild: true
    dev: true
    optional: true

  /@esbuild/openbsd-x64@0.18.20:
    resolution: {integrity: sha512-e5e4YSsuQfX4cxcygw/UCPIEP6wbIL+se3sxPdCiMbFLBWu0eiZOJ7WoD+ptCLrmjZBK1Wk7I6D/I3NglUGOxg==}
    engines: {node: '>=12'}
    cpu: [x64]
    os: [openbsd]
    requiresBuild: true
    dev: true
    optional: true

  /@esbuild/sunos-x64@0.18.20:
    resolution: {integrity: sha512-kDbFRFp0YpTQVVrqUd5FTYmWo45zGaXe0X8E1G/LKFC0v8x0vWrhOWSLITcCn63lmZIxfOMXtCfti/RxN/0wnQ==}
    engines: {node: '>=12'}
    cpu: [x64]
    os: [sunos]
    requiresBuild: true
    dev: true
    optional: true

  /@esbuild/win32-arm64@0.18.20:
    resolution: {integrity: sha512-ddYFR6ItYgoaq4v4JmQQaAI5s7npztfV4Ag6NrhiaW0RrnOXqBkgwZLofVTlq1daVTQNhtI5oieTvkRPfZrePg==}
    engines: {node: '>=12'}
    cpu: [arm64]
    os: [win32]
    requiresBuild: true
    dev: true
    optional: true

  /@esbuild/win32-ia32@0.18.20:
    resolution: {integrity: sha512-Wv7QBi3ID/rROT08SABTS7eV4hX26sVduqDOTe1MvGMjNd3EjOz4b7zeexIR62GTIEKrfJXKL9LFxTYgkyeu7g==}
    engines: {node: '>=12'}
    cpu: [ia32]
    os: [win32]
    requiresBuild: true
    dev: true
    optional: true

  /@esbuild/win32-x64@0.18.20:
    resolution: {integrity: sha512-kTdfRcSiDfQca/y9QIkng02avJ+NCaQvrMejlsB3RRv5sE9rRoeBPISaZpKxHELzRxZyLvNts1P27W3wV+8geQ==}
    engines: {node: '>=12'}
    cpu: [x64]
    os: [win32]
    requiresBuild: true
    dev: true
    optional: true

  /@graphql-tools/executor@0.0.18(graphql@16.6.0):
    resolution: {integrity: sha512-xZC0C+/npXoSHBB5bsJdwxDLgtl1Gu4fL9J2TPQmXoZC3L2N506KJoppf9LgWdHU/xK04luJrhP6WjhfkIN0pQ==}
    peerDependencies:
      graphql: ^14.0.0 || ^15.0.0 || ^16.0.0 || ^17.0.0
    dependencies:
      '@graphql-tools/utils': 9.2.1(graphql@16.6.0)
      '@graphql-typed-document-node/core': 3.2.0(graphql@16.6.0)
      '@repeaterjs/repeater': 3.0.4
      graphql: 16.6.0
      tslib: 2.5.2
      value-or-promise: 1.0.12
    dev: false

  /@graphql-tools/merge@8.4.2(graphql@16.6.0):
    resolution: {integrity: sha512-XbrHAaj8yDuINph+sAfuq3QCZ/tKblrTLOpirK0+CAgNlZUCHs0Fa+xtMUURgwCVThLle1AF7svJCxFizygLsw==}
    peerDependencies:
      graphql: ^14.0.0 || ^15.0.0 || ^16.0.0 || ^17.0.0
    dependencies:
      '@graphql-tools/utils': 9.2.1(graphql@16.6.0)
      graphql: 16.6.0
      tslib: 2.5.2
    dev: false

  /@graphql-tools/schema@9.0.19(graphql@16.6.0):
    resolution: {integrity: sha512-oBRPoNBtCkk0zbUsyP4GaIzCt8C0aCI4ycIRUL67KK5pOHljKLBBtGT+Jr6hkzA74C8Gco8bpZPe7aWFjiaK2w==}
    peerDependencies:
      graphql: ^14.0.0 || ^15.0.0 || ^16.0.0 || ^17.0.0
    dependencies:
      '@graphql-tools/merge': 8.4.2(graphql@16.6.0)
      '@graphql-tools/utils': 9.2.1(graphql@16.6.0)
      graphql: 16.6.0
      tslib: 2.5.2
      value-or-promise: 1.0.12
    dev: false

  /@graphql-tools/utils@9.2.1(graphql@16.6.0):
    resolution: {integrity: sha512-WUw506Ql6xzmOORlriNrD6Ugx+HjVgYxt9KCXD9mHAak+eaXSwuGGPyE60hy9xaDEoXKBsG7SkG69ybitaVl6A==}
    peerDependencies:
      graphql: ^14.0.0 || ^15.0.0 || ^16.0.0 || ^17.0.0
    dependencies:
      '@graphql-typed-document-node/core': 3.2.0(graphql@16.6.0)
      graphql: 16.6.0
      tslib: 2.5.2
    dev: false

  /@graphql-typed-document-node/core@3.2.0(graphql@16.6.0):
    resolution: {integrity: sha512-mB9oAsNCm9aM3/SOv4YtBMqZbYj10R7dkq8byBqxGY/ncFwhf2oQzMV+LCRlWoDSEBJ3COiR1yeDvMtsoOsuFQ==}
    peerDependencies:
      graphql: ^0.8.0 || ^0.9.0 || ^0.10.0 || ^0.11.0 || ^0.12.0 || ^0.13.0 || ^14.0.0 || ^15.0.0 || ^16.0.0 || ^17.0.0
    dependencies:
      graphql: 16.6.0
    dev: false

  /@graphql-yoga/logger@0.0.1:
    resolution: {integrity: sha512-6npFz7eZz33mXgSm1waBLMjUNG0D5hTc/p5Hcs1mojkT3KsLpCOFokzTEKboNsBhKevYcaVa/xeA7WBj4UYMLg==}
    dependencies:
      tslib: 2.5.2
    dev: false

  /@graphql-yoga/subscription@3.1.0:
    resolution: {integrity: sha512-Vc9lh8KzIHyS3n4jBlCbz7zCjcbtQnOBpsymcRvHhFr2cuH+knmRn0EmzimMQ58jQ8kxoRXXC3KJS3RIxSdPIg==}
    dependencies:
      '@graphql-yoga/typed-event-target': 1.0.0
      '@repeaterjs/repeater': 3.0.4
      '@whatwg-node/events': 0.0.2
      tslib: 2.5.2
    dev: false

  /@graphql-yoga/typed-event-target@1.0.0:
    resolution: {integrity: sha512-Mqni6AEvl3VbpMtKw+TIjc9qS9a8hKhiAjFtqX488yq5oJtj9TkNlFTIacAVS3vnPiswNsmDiQqvwUOcJgi1DA==}
    dependencies:
      '@repeaterjs/repeater': 3.0.4
      tslib: 2.5.2
    dev: false

  /@peculiar/asn1-schema@2.3.6:
    resolution: {integrity: sha512-izNRxPoaeJeg/AyH8hER6s+H7p4itk+03QCa4sbxI3lNdseQYCuxzgsuNK8bTXChtLTjpJz6NmXKA73qLa3rCA==}
    dependencies:
      asn1js: 3.0.5
      pvtsutils: 1.3.2
      tslib: 2.5.2
    dev: false

  /@peculiar/json-schema@1.1.12:
    resolution: {integrity: sha512-coUfuoMeIB7B8/NMekxaDzLhaYmp0HZNPEjYRm9goRou8UZIC3z21s0sL9AWoCw4EG876QyO3kYrc61WNF9B/w==}
    engines: {node: '>=8.0.0'}
    dependencies:
      tslib: 2.5.2
    dev: false

  /@peculiar/webcrypto@1.4.3:
    resolution: {integrity: sha512-VtaY4spKTdN5LjJ04im/d/joXuvLbQdgy5Z4DXF4MFZhQ+MTrejbNMkfZBp1Bs3O5+bFqnJgyGdPuZQflvIa5A==}
    engines: {node: '>=10.12.0'}
    dependencies:
      '@peculiar/asn1-schema': 2.3.6
      '@peculiar/json-schema': 1.1.12
      pvtsutils: 1.3.2
      tslib: 2.5.2
      webcrypto-core: 1.7.7
    dev: false

  /@repeaterjs/repeater@3.0.4:
    resolution: {integrity: sha512-AW8PKd6iX3vAZ0vA43nOUOnbq/X5ihgU+mSXXqunMkeQADGiqw/PY0JNeYtD5sr0PAy51YPgAPbDoeapv9r8WA==}
    dev: false

  /@types/node@20.16.11:
    resolution: {integrity: sha512-y+cTCACu92FyA5fgQSAI8A1H429g7aSK2HsO7K4XYUWc4dY5IUz55JSDIYT6/VsOLfGy8vmvQYC2hfb0iF16Uw==}
    dependencies:
      undici-types: 6.19.8
    dev: true

  /@whatwg-node/events@0.0.2:
    resolution: {integrity: sha512-WKj/lI4QjnLuPrim0cfO7i+HsDSXHxNv1y0CrJhdntuO3hxWZmnXCwNDnwOvry11OjRin6cgWNF+j/9Pn8TN4w==}
    dev: false

  /@whatwg-node/events@0.0.3:
    resolution: {integrity: sha512-IqnKIDWfXBJkvy/k6tzskWTc2NK3LcqHlb+KHGCrjOCH4jfQckRX0NAiIcC/vIqQkzLYw2r2CTSwAxcrtcD6lA==}
    dev: false

  /@whatwg-node/fetch@0.8.8:
    resolution: {integrity: sha512-CdcjGC2vdKhc13KKxgsc6/616BQ7ooDIgPeTuAiE8qfCnS0mGzcfCOoZXypQSz73nxI+GWc7ZReIAVhxoE1KCg==}
    dependencies:
      '@peculiar/webcrypto': 1.4.3
      '@whatwg-node/node-fetch': 0.3.6
      busboy: 1.6.0
      urlpattern-polyfill: 8.0.2
      web-streams-polyfill: 3.2.1
    dev: false

  /@whatwg-node/node-fetch@0.3.6:
    resolution: {integrity: sha512-w9wKgDO4C95qnXZRwZTfCmLWqyRnooGjcIwG0wADWjw9/HN0p7dtvtgSvItZtUyNteEvgTrd8QojNEqV6DAGTA==}
    dependencies:
      '@whatwg-node/events': 0.0.3
      busboy: 1.6.0
      fast-querystring: 1.1.1
      fast-url-parser: 1.1.3
      tslib: 2.5.2
    dev: false

  /@whatwg-node/server@0.7.7:
    resolution: {integrity: sha512-aHURgNDFm/48WVV3vhTMfnEKCYwYgdaRdRhZsQZx4UVFjGGkGay7Ys0+AYu9QT/jpoImv2oONkstoTMUprDofg==}
    dependencies:
      '@whatwg-node/fetch': 0.8.8
      tslib: 2.5.2
    dev: false

  /asn1js@3.0.5:
    resolution: {integrity: sha512-FVnvrKJwpt9LP2lAMl8qZswRNm3T4q9CON+bxldk2iwk3FFpuwhx2FfinyitizWHsVYyaY+y5JzDR0rCMV5yTQ==}
    engines: {node: '>=12.0.0'}
    dependencies:
      pvtsutils: 1.3.2
      pvutils: 1.1.3
      tslib: 2.5.2
    dev: false

  /buffer-from@1.1.2:
    resolution: {integrity: sha512-E+XQCRwSbaaiChtv6k6Dwgc+bx+Bs6vuKJHHl5kox/BaKbhiXzqQOwK4cO22yElGp2OCmjwVhT3HmxgyPGnJfQ==}
    dev: true

  /busboy@1.6.0:
    resolution: {integrity: sha512-8SFQbg/0hQ9xy3UNTB0YEnsNBbWfhf7RtnzpL7TkBiTBRfrQ9Fxcnz7VJsleJpyp6rVLvXiuORqjlHi5q+PYuA==}
    engines: {node: '>=10.16.0'}
    dependencies:
      streamsearch: 1.1.0
    dev: false

  /dset@3.1.2:
    resolution: {integrity: sha512-g/M9sqy3oHe477Ar4voQxWtaPIFw1jTdKZuomOjhCcBx9nHUNn0pu6NopuFFrTh/TRZIKEj+76vLWFu9BNKk+Q==}
    engines: {node: '>=4'}
    dev: false

  /esbuild@0.18.20:
    resolution: {integrity: sha512-ceqxoedUrcayh7Y7ZX6NdbbDzGROiyVBgC4PriJThBKSVPWnnFHZAkfI1lJT8QFkOwH4qOS2SJkS4wvpGl8BpA==}
    engines: {node: '>=12'}
    hasBin: true
    requiresBuild: true
    optionalDependencies:
      '@esbuild/android-arm': 0.18.20
      '@esbuild/android-arm64': 0.18.20
      '@esbuild/android-x64': 0.18.20
      '@esbuild/darwin-arm64': 0.18.20
      '@esbuild/darwin-x64': 0.18.20
      '@esbuild/freebsd-arm64': 0.18.20
      '@esbuild/freebsd-x64': 0.18.20
      '@esbuild/linux-arm': 0.18.20
      '@esbuild/linux-arm64': 0.18.20
      '@esbuild/linux-ia32': 0.18.20
      '@esbuild/linux-loong64': 0.18.20
      '@esbuild/linux-mips64el': 0.18.20
      '@esbuild/linux-ppc64': 0.18.20
      '@esbuild/linux-riscv64': 0.18.20
      '@esbuild/linux-s390x': 0.18.20
      '@esbuild/linux-x64': 0.18.20
      '@esbuild/netbsd-x64': 0.18.20
      '@esbuild/openbsd-x64': 0.18.20
      '@esbuild/sunos-x64': 0.18.20
      '@esbuild/win32-arm64': 0.18.20
      '@esbuild/win32-ia32': 0.18.20
      '@esbuild/win32-x64': 0.18.20
    dev: true

  /fast-decode-uri-component@1.0.1:
    resolution: {integrity: sha512-WKgKWg5eUxvRZGwW8FvfbaH7AXSh2cL+3j5fMGzUMCxWBJ3dV3a7Wz8y2f/uQ0e3B6WmodD3oS54jTQ9HVTIIg==}
    dev: false

  /fast-querystring@1.1.1:
    resolution: {integrity: sha512-qR2r+e3HvhEFmpdHMv//U8FnFlnYjaC6QKDuaXALDkw2kvHO8WDjxH+f/rHGR4Me4pnk8p9JAkRNTjYHAKRn2Q==}
    dependencies:
      fast-decode-uri-component: 1.0.1
    dev: false

  /fast-url-parser@1.1.3:
    resolution: {integrity: sha512-5jOCVXADYNuRkKFzNJ0dCCewsZiYo0dz8QNYljkOpFC6r2U4OBmKtvm/Tsuh4w1YYdDqDb31a8TVhBJ2OJKdqQ==}
    dependencies:
      punycode: 1.4.1
    dev: false

  /fsevents@2.3.3:
    resolution: {integrity: sha512-5xoDfX+fL7faATnagmWPpbFtwh/R77WmMMqqHGS65C3vvB0YHrgF+B1YmZ3441tMj5n63k0212XNoJwzlhffQw==}
    engines: {node: ^8.16.0 || ^10.6.0 || >=11.0.0}
    os: [darwin]
    requiresBuild: true
    dev: true
    optional: true

  /garph@0.6.8(graphql@16.6.0):
    resolution: {integrity: sha512-R/imVxQwKadQhMDpZ5BScXyHJd72jthH1B4jJRVSDDwBBLNoLXNqAYlfGi4eqTdCZzpQMEHdSUBfaktWRbR/+w==}
    dependencies:
      graphql-compose: 9.0.10(graphql@16.6.0)
      single-user-cache: 0.6.0
    transitivePeerDependencies:
      - graphql
    dev: false

  /get-tsconfig@4.8.1:
    resolution: {integrity: sha512-k9PN+cFBmaLWtVz29SkUoqU5O0slLuHJXt/2P+tMVFT+phsSGXGkp9t3rQIqdz0e+06EHNGs3oM6ZX1s2zHxRg==}
    dependencies:
      resolve-pkg-maps: 1.0.0
    dev: true

  /graphql-compose@9.0.10(graphql@16.6.0):
    resolution: {integrity: sha512-UsVoxfi2+c8WbHl2pEB+teoRRZoY4mbWBoijeLDGpAZBSPChnqtSRjp+T9UcouLCwGr5ooNyOQLoI3OVzU1bPQ==}
    peerDependencies:
      graphql: ^14.2.0 || ^15.0.0 || ^16.0.0
    dependencies:
      graphql: 16.6.0
      graphql-type-json: 0.3.2(graphql@16.6.0)
    dev: false

  /graphql-type-json@0.3.2(graphql@16.6.0):
    resolution: {integrity: sha512-J+vjof74oMlCWXSvt0DOf2APEdZOCdubEvGDUAlqH//VBYcOYsGgRW7Xzorr44LvkjiuvecWc8fChxuZZbChtg==}
    peerDependencies:
      graphql: '>=0.8.0'
    dependencies:
      graphql: 16.6.0
    dev: false

  /graphql-yoga@3.9.1(graphql@16.6.0):
    resolution: {integrity: sha512-BB6EkN64VBTXWmf9Kym2OsVZFzBC0mAsQNo9eNB5xIr3t+x7qepQ34xW5A353NWol3Js3xpzxwIKFVF6l9VsPg==}
    peerDependencies:
      graphql: ^15.2.0 || ^16.0.0
    dependencies:
      '@envelop/core': 3.0.6
      '@envelop/validation-cache': 5.1.3(@envelop/core@3.0.6)(graphql@16.6.0)
      '@graphql-tools/executor': 0.0.18(graphql@16.6.0)
      '@graphql-tools/schema': 9.0.19(graphql@16.6.0)
      '@graphql-tools/utils': 9.2.1(graphql@16.6.0)
      '@graphql-yoga/logger': 0.0.1
      '@graphql-yoga/subscription': 3.1.0
      '@whatwg-node/fetch': 0.8.8
      '@whatwg-node/server': 0.7.7
      dset: 3.1.2
      graphql: 16.6.0
      lru-cache: 7.18.3
      tslib: 2.5.2
    dev: false

  /graphql@16.6.0:
    resolution: {integrity: sha512-KPIBPDlW7NxrbT/eh4qPXz5FiFdL5UbaA0XUNz2Rp3Z3hqBSkbj0GVjwFDztsWVauZUWsbKHgMg++sk8UX0bkw==}
    engines: {node: ^12.22.0 || ^14.16.0 || ^16.0.0 || >=17.0.0}
    dev: false

  /hash-it@6.0.0:
    resolution: {integrity: sha512-KHzmSFx1KwyMPw0kXeeUD752q/Kfbzhy6dAZrjXV9kAIXGqzGvv8vhkUqj+2MGZldTo0IBpw6v7iWE7uxsvH0w==}
    dev: false

  /lru-cache@6.0.0:
    resolution: {integrity: sha512-Jo6dJ04CmSjuznwJSS3pUeWmd/H0ffTlkXXgwZi+eq1UCmqQwCh+eLsYOYCwY991i2Fah4h1BEMCx4qThGbsiA==}
    engines: {node: '>=10'}
    dependencies:
      yallist: 4.0.0
    dev: false

  /lru-cache@7.18.3:
    resolution: {integrity: sha512-jumlc0BIUrS3qJGgIkWZsyfAM7NCWiBcCDhnd+3NNM5KbBmLTgHVfWBcg6W+rLUsIpzpERPsvwUP7CckAQSOoA==}
    engines: {node: '>=12'}
    dev: false

  /punycode@1.4.1:
    resolution: {integrity: sha512-jmYNElW7yvO7TV33CjSmvSiE2yco3bV2czu/OzDKdMNVZQWfxCblURLhf+47syQRBntjfLdd/H0egrzIG+oaFQ==}
    dev: false

  /pvtsutils@1.3.2:
    resolution: {integrity: sha512-+Ipe2iNUyrZz+8K/2IOo+kKikdtfhRKzNpQbruF2URmqPtoqAs8g3xS7TJvFF2GcPXjh7DkqMnpVveRFq4PgEQ==}
    dependencies:
      tslib: 2.5.2
    dev: false

  /pvutils@1.1.3:
    resolution: {integrity: sha512-pMpnA0qRdFp32b1sJl1wOJNxZLQ2cbQx+k6tjNtZ8CpvVhNqEPRgivZ2WOUev2YMajecdH7ctUPDvEe87nariQ==}
    engines: {node: '>=6.0.0'}
    dev: false

  /resolve-pkg-maps@1.0.0:
    resolution: {integrity: sha512-seS2Tj26TBVOC2NIc2rOe2y2ZO7efxITtLZcGSOnHHNOQ7CkiUBfw0Iw2ck6xkIhPwLhKNLS8BO+hEpngQlqzw==}
    dev: true

  /safe-stable-stringify@2.5.0:
    resolution: {integrity: sha512-b3rppTKm9T+PsVCBEOUR46GWI7fdOs00VKZ1+9c1EWDaDMvjQc6tUwuFyIprgGgTcWoVHSKrU8H31ZHA2e0RHA==}
    engines: {node: '>=10'}
    dev: false

  /single-user-cache@0.6.0:
    resolution: {integrity: sha512-uMrANoiybpbsrVDbZ2M7GPzxeqZiirwkVnsDAre1zGhXAAw+2dImTxu7h0l1sIVtwGeJnVsRxgG4I5rZrUX0rw==}
    dependencies:
      safe-stable-stringify: 2.5.0
    dev: false

  /source-map-support@0.5.21:
    resolution: {integrity: sha512-uBHU3L3czsIyYXKX88fdrGovxdSCoTGDRZ6SYXtSRxLZUzHg5P/66Ht6uoUlHu9EZod+inXhKo3qQgwXUT/y1w==}
    dependencies:
      buffer-from: 1.1.2
      source-map: 0.6.1
    dev: true

  /source-map@0.6.1:
    resolution: {integrity: sha512-UjgapumWlbMhkBgzT7Ykc5YXUT46F0iKu8SGXq0bcwP5dz/h0Plj6enJqjz1Zbq2l5WaqYnrVbwWOWMyF3F47g==}
    engines: {node: '>=0.10.0'}
    dev: true

  /streamsearch@1.1.0:
    resolution: {integrity: sha512-Mcc5wHehp9aXz1ax6bZUyY5afg9u2rv5cqQI3mRrYkGC8rW2hM02jWuwjtL++LS5qinSyhj2QfLyNsuc+VsExg==}
    engines: {node: '>=10.0.0'}
    dev: false

  /tslib@2.5.2:
    resolution: {integrity: sha512-5svOrSA2w3iGFDs1HibEVBGbDrAY82bFQ3HZ3ixB+88nsbsWQoKqDRb5UBYAUPEzbBn6dAp5gRNXglySbx1MlA==}
    dev: false

  /tsx@3.14.0:
    resolution: {integrity: sha512-xHtFaKtHxM9LOklMmJdI3BEnQq/D5F73Of2E1GDrITi9sgoVkvIsrQUTY1G8FlmGtA+awCI4EBlTRRYxkL2sRg==}
    hasBin: true
    dependencies:
      esbuild: 0.18.20
      get-tsconfig: 4.8.1
      source-map-support: 0.5.21
    optionalDependencies:
      fsevents: 2.3.3
    dev: true

  /typescript@5.6.3:
    resolution: {integrity: sha512-hjcS1mhfuyi4WW8IWtjP7brDrG2cuDZukyrYrSauoXGNgx0S7zceP07adYkJycEr56BOUTNPzbInooiN3fn1qw==}
    engines: {node: '>=14.17'}
    hasBin: true
    dev: true

  /undici-types@6.19.8:
    resolution: {integrity: sha512-ve2KP6f/JnbPBFyobGHuerC9g1FYGn/F8n1LWTwNxCEzd6IfqTwUQcNXgEtmmQ6DlRrC1hrSrBnCZPokRrDHjw==}
    dev: true

  /urlpattern-polyfill@8.0.2:
    resolution: {integrity: sha512-Qp95D4TPJl1kC9SKigDcqgyM2VDVO4RiJc2d4qe5GrYm+zbIQCWWKAFaJNQ4BhdFeDGwBmAxqJBwWSJDb9T3BQ==}
    dev: false

  /value-or-promise@1.0.12:
    resolution: {integrity: sha512-Z6Uz+TYwEqE7ZN50gwn+1LCVo9ZVrpxRPOhOLnncYkY1ZzOYtrX8Fwf/rFktZ8R5mJms6EZf5TqNOMeZmnPq9Q==}
    engines: {node: '>=12'}
    dev: false

  /web-streams-polyfill@3.2.1:
    resolution: {integrity: sha512-e0MO3wdXWKrLbL0DgGnUV7WHVuw9OUvL4hjgnPkIeEvESk74gAITi5G606JtZPp39cd8HA9VQzCIvA49LpPN5Q==}
    engines: {node: '>= 8'}
    dev: false

  /webcrypto-core@1.7.7:
    resolution: {integrity: sha512-7FjigXNsBfopEj+5DV2nhNpfic2vumtjjgPmeDKk45z+MJwXKKfhPB7118Pfzrmh4jqOMST6Ch37iPAHoImg5g==}
    dependencies:
      '@peculiar/asn1-schema': 2.3.6
      '@peculiar/json-schema': 1.1.12
      asn1js: 3.0.5
      pvtsutils: 1.3.2
      tslib: 2.5.2
    dev: false

  /yallist@4.0.0:
    resolution: {integrity: sha512-3wdGidZyq5PB084XLES5TpOSRA3wjXAlIWMhum2kRcv/41Sn2emQ0dycQW4uZXLejwKvg6EsvbdlVL+FYEct7A==}
    dev: false
